// !$*UTF8*$!
{
	archiveVersion = 1;
	classes = {
	};
	objectVersion = 50;
	objects = {

/* Begin PBXBuildFile section */
		66621B1B6A0B6C9C47A3D2D8 /* Pods__OnTheMap.framework in Frameworks */ = {isa = PBXBuildFile; fileRef = BC2D5232DCA28D5BB23BF32B /* Pods__OnTheMap.framework */; };
		840D5DD822128CDC00929BE5 /* NSAttributedStringKeys.swift in Sources */ = {isa = PBXBuildFile; fileRef = 840D5DD722128CDC00929BE5 /* NSAttributedStringKeys.swift */; };
		841CEE2A2217FDD90002CA6C /* GetStudentLocationResponse.swift in Sources */ = {isa = PBXBuildFile; fileRef = 841CEE292217FDD90002CA6C /* GetStudentLocationResponse.swift */; };
		841CEE2E22186C4C0002CA6C /* MainTabControlller+HandleBarButtons.swift in Sources */ = {isa = PBXBuildFile; fileRef = 841CEE2D22186C4C0002CA6C /* MainTabControlller+HandleBarButtons.swift */; };
		841CEE302218734A0002CA6C /* MainTabController+handleURLSessions.swift in Sources */ = {isa = PBXBuildFile; fileRef = 841CEE2F2218734A0002CA6C /* MainTabController+handleURLSessions.swift */; };
		841CEE3F221919230002CA6C /* PostPutRequest.swift in Sources */ = {isa = PBXBuildFile; fileRef = 841CEE3E221919230002CA6C /* PostPutRequest.swift */; };
		841CEE4122191D470002CA6C /* TextField+Extensions.swift in Sources */ = {isa = PBXBuildFile; fileRef = 841CEE4022191D470002CA6C /* TextField+Extensions.swift */; };
		841CEE432219261C0002CA6C /* LoginController+Overload.swift in Sources */ = {isa = PBXBuildFile; fileRef = 841CEE422219261C0002CA6C /* LoginController+Overload.swift */; };
		841CEE462219A7DB0002CA6C /* AddLocation+Override.swift in Sources */ = {isa = PBXBuildFile; fileRef = 841CEE452219A7DB0002CA6C /* AddLocation+Override.swift */; };
		841CEE482219AE4B0002CA6C /* Helper Constants.swift in Sources */ = {isa = PBXBuildFile; fileRef = 841CEE472219AE4B0002CA6C /* Helper Constants.swift */; };
		841CEE4C2219F5590002CA6C /* NSMutable+Extension.swift in Sources */ = {isa = PBXBuildFile; fileRef = 841CEE4B2219F5590002CA6C /* NSMutable+Extension.swift */; };
		842AE06E2210F52000A87358 /* AddLocationController.swift in Sources */ = {isa = PBXBuildFile; fileRef = 842AE06D2210F52000A87358 /* AddLocationController.swift */; };
		84332C522217238D003CF12C /* PublicUserDataResponse.swift in Sources */ = {isa = PBXBuildFile; fileRef = 84332C512217238D003CF12C /* PublicUserDataResponse.swift */; };
		84332C5C22179FDA003CF12C /* EditStudentLocationsController.swift in Sources */ = {isa = PBXBuildFile; fileRef = 84332C5B22179FDA003CF12C /* EditStudentLocationsController.swift */; };
		8436E4B122146FC2002175F2 /* Login+UITextField.swift in Sources */ = {isa = PBXBuildFile; fileRef = 8436E4B022146FC2002175F2 /* Login+UITextField.swift */; };
		8436E4B32214703C002175F2 /* AddLocation+UITextField.swift in Sources */ = {isa = PBXBuildFile; fileRef = 8436E4B22214703C002175F2 /* AddLocation+UITextField.swift */; };
		8439D011220CB6F20057CE6E /* String+Extensions.swift in Sources */ = {isa = PBXBuildFile; fileRef = 8439D010220CB6F20057CE6E /* String+Extensions.swift */; };
		843CA25F220D644000B09A66 /* PostingStudentLocationResponse.swift in Sources */ = {isa = PBXBuildFile; fileRef = 843CA25E220D644000B09A66 /* PostingStudentLocationResponse.swift */; };
		844DFEC62204F42800742437 /* AppDelegate.swift in Sources */ = {isa = PBXBuildFile; fileRef = 844DFEC52204F42800742437 /* AppDelegate.swift */; };
		844DFECD2204F42900742437 /* Assets.xcassets in Resources */ = {isa = PBXBuildFile; fileRef = 844DFECC2204F42900742437 /* Assets.xcassets */; };
		844DFED02204F42900742437 /* LaunchScreen.storyboard in Resources */ = {isa = PBXBuildFile; fileRef = 844DFECE2204F42900742437 /* LaunchScreen.storyboard */; };
		845BA4512207807500F6D80E /* StudentLocationTableController+TableView.swift in Sources */ = {isa = PBXBuildFile; fileRef = 845BA4502207807500F6D80E /* StudentLocationTableController+TableView.swift */; };
		8489285C2204F78A00BF9BF6 /* LoginController.swift in Sources */ = {isa = PBXBuildFile; fileRef = 8489285A2204F78A00BF9BF6 /* LoginController.swift */; };
		8489285D2204F78A00BF9BF6 /* LoginController+handlers.swift in Sources */ = {isa = PBXBuildFile; fileRef = 8489285B2204F78A00BF9BF6 /* LoginController+handlers.swift */; };
		8489285F2204F79600BF9BF6 /* MainTabBarController.swift in Sources */ = {isa = PBXBuildFile; fileRef = 8489285E2204F79600BF9BF6 /* MainTabBarController.swift */; };
		8489286C2204F88500BF9BF6 /* ParseClient.swift in Sources */ = {isa = PBXBuildFile; fileRef = 848928692204F88500BF9BF6 /* ParseClient.swift */; };
		848928702204F89400BF9BF6 /* LoginRequest.swift in Sources */ = {isa = PBXBuildFile; fileRef = 8489286D2204F89400BF9BF6 /* LoginRequest.swift */; };
		848928712204F89400BF9BF6 /* LoginSuccessRequest.swift in Sources */ = {isa = PBXBuildFile; fileRef = 8489286E2204F89400BF9BF6 /* LoginSuccessRequest.swift */; };
		848928722204F89400BF9BF6 /* UdacityClient.swift in Sources */ = {isa = PBXBuildFile; fileRef = 8489286F2204F89400BF9BF6 /* UdacityClient.swift */; };
		848928752204F8C100BF9BF6 /* UIColor+Extension.swift in Sources */ = {isa = PBXBuildFile; fileRef = 848928732204F8C100BF9BF6 /* UIColor+Extension.swift */; };
		848928762204F8C100BF9BF6 /* UIView+Extensions.swift in Sources */ = {isa = PBXBuildFile; fileRef = 848928742204F8C100BF9BF6 /* UIView+Extensions.swift */; };
		848D44772204FD6400BF3EF9 /* StudentLocationMapController.swift in Sources */ = {isa = PBXBuildFile; fileRef = 848D44762204FD6400BF3EF9 /* StudentLocationMapController.swift */; };
		848D44792204FD7300BF3EF9 /* StudentLocationTableController.swift in Sources */ = {isa = PBXBuildFile; fileRef = 848D44782204FD7300BF3EF9 /* StudentLocationTableController.swift */; };
		848D4483220614DB00BF3EF9 /* StudentInformationModel.swift in Sources */ = {isa = PBXBuildFile; fileRef = 848D4482220614DB00BF3EF9 /* StudentInformationModel.swift */; };
		848D448722062C6000BF3EF9 /* StudentLocationMapController+MapKit.swift in Sources */ = {isa = PBXBuildFile; fileRef = 848D448622062C6000BF3EF9 /* StudentLocationMapController+MapKit.swift */; };
		849DEAA0220F8B13009B0E91 /* StudentLocationCell.swift in Sources */ = {isa = PBXBuildFile; fileRef = 849DEA9F220F8B13009B0E91 /* StudentLocationCell.swift */; };
		84EE6D8A2215D433008EECBC /* LoginFailedResponse.swift in Sources */ = {isa = PBXBuildFile; fileRef = 84EE6D892215D432008EECBC /* LoginFailedResponse.swift */; };
		84EE6D8F221654EB008EECBC /* LoginController+Facebook.swift in Sources */ = {isa = PBXBuildFile; fileRef = 84EE6D8E221654EB008EECBC /* LoginController+Facebook.swift */; };
		84EE6D9122165670008EECBC /* UIViewController+Extensions.swift in Sources */ = {isa = PBXBuildFile; fileRef = 84EE6D9022165670008EECBC /* UIViewController+Extensions.swift */; };
		84F272AD2212ADA8000F9542 /* AddLocation+Handle.swift in Sources */ = {isa = PBXBuildFile; fileRef = 84F272AC2212ADA8000F9542 /* AddLocation+Handle.swift */; };
		84FBF1CD221A033A00036C3C /* UITextField+Extensions.swift in Sources */ = {isa = PBXBuildFile; fileRef = 84FBF1CC221A033A00036C3C /* UITextField+Extensions.swift */; };
		84FBF1CF221A034A00036C3C /* UIButton+Extensions.swift in Sources */ = {isa = PBXBuildFile; fileRef = 84FBF1CE221A034A00036C3C /* UIButton+Extensions.swift */; };
/* End PBXBuildFile section */

/* Begin PBXFileReference section */
		5CAB8239B5D2C3EF1B672DC5 /* Pods-_OnTheMap.release.xcconfig */ = {isa = PBXFileReference; includeInIndex = 1; lastKnownFileType = text.xcconfig; name = "Pods-_OnTheMap.release.xcconfig"; path = "Pods/Target Support Files/Pods-_OnTheMap/Pods-_OnTheMap.release.xcconfig"; sourceTree = "<group>"; };
		840D5DD722128CDC00929BE5 /* NSAttributedStringKeys.swift */ = {isa = PBXFileReference; lastKnownFileType = sourcecode.swift; path = NSAttributedStringKeys.swift; sourceTree = "<group>"; };
		841CEE292217FDD90002CA6C /* GetStudentLocationResponse.swift */ = {isa = PBXFileReference; lastKnownFileType = sourcecode.swift; path = GetStudentLocationResponse.swift; sourceTree = "<group>"; };
		841CEE2D22186C4C0002CA6C /* MainTabControlller+HandleBarButtons.swift */ = {isa = PBXFileReference; lastKnownFileType = sourcecode.swift; path = "MainTabControlller+HandleBarButtons.swift"; sourceTree = "<group>"; };
		841CEE2F2218734A0002CA6C /* MainTabController+handleURLSessions.swift */ = {isa = PBXFileReference; lastKnownFileType = sourcecode.swift; path = "MainTabController+handleURLSessions.swift"; sourceTree = "<group>"; };
		841CEE3E221919230002CA6C /* PostPutRequest.swift */ = {isa = PBXFileReference; lastKnownFileType = sourcecode.swift; path = PostPutRequest.swift; sourceTree = "<group>"; };
		841CEE4022191D470002CA6C /* TextField+Extensions.swift */ = {isa = PBXFileReference; lastKnownFileType = sourcecode.swift; path = "TextField+Extensions.swift"; sourceTree = "<group>"; };
		841CEE422219261C0002CA6C /* LoginController+Overload.swift */ = {isa = PBXFileReference; lastKnownFileType = sourcecode.swift; path = "LoginController+Overload.swift"; sourceTree = "<group>"; };
		841CEE452219A7DB0002CA6C /* AddLocation+Override.swift */ = {isa = PBXFileReference; lastKnownFileType = sourcecode.swift; path = "AddLocation+Override.swift"; sourceTree = "<group>"; };
		841CEE472219AE4B0002CA6C /* Helper Constants.swift */ = {isa = PBXFileReference; lastKnownFileType = sourcecode.swift; path = "Helper Constants.swift"; sourceTree = "<group>"; };
		841CEE4B2219F5590002CA6C /* NSMutable+Extension.swift */ = {isa = PBXFileReference; lastKnownFileType = sourcecode.swift; path = "NSMutable+Extension.swift"; sourceTree = "<group>"; };
		842AE06D2210F52000A87358 /* AddLocationController.swift */ = {isa = PBXFileReference; lastKnownFileType = sourcecode.swift; path = AddLocationController.swift; sourceTree = "<group>"; };
		84332C512217238D003CF12C /* PublicUserDataResponse.swift */ = {isa = PBXFileReference; lastKnownFileType = sourcecode.swift; path = PublicUserDataResponse.swift; sourceTree = "<group>"; };
		84332C5B22179FDA003CF12C /* EditStudentLocationsController.swift */ = {isa = PBXFileReference; lastKnownFileType = sourcecode.swift; path = EditStudentLocationsController.swift; sourceTree = "<group>"; };
		8436E4B022146FC2002175F2 /* Login+UITextField.swift */ = {isa = PBXFileReference; lastKnownFileType = sourcecode.swift; path = "Login+UITextField.swift"; sourceTree = "<group>"; };
		8436E4B22214703C002175F2 /* AddLocation+UITextField.swift */ = {isa = PBXFileReference; lastKnownFileType = sourcecode.swift; path = "AddLocation+UITextField.swift"; sourceTree = "<group>"; };
		8439D010220CB6F20057CE6E /* String+Extensions.swift */ = {isa = PBXFileReference; lastKnownFileType = sourcecode.swift; path = "String+Extensions.swift"; sourceTree = "<group>"; };
		843CA25E220D644000B09A66 /* PostingStudentLocationResponse.swift */ = {isa = PBXFileReference; lastKnownFileType = sourcecode.swift; path = PostingStudentLocationResponse.swift; sourceTree = "<group>"; };
		844DFEC22204F42800742437 /* _OnTheMap.app */ = {isa = PBXFileReference; explicitFileType = wrapper.application; includeInIndex = 0; path = _OnTheMap.app; sourceTree = BUILT_PRODUCTS_DIR; };
		844DFEC52204F42800742437 /* AppDelegate.swift */ = {isa = PBXFileReference; lastKnownFileType = sourcecode.swift; path = AppDelegate.swift; sourceTree = "<group>"; };
		844DFECC2204F42900742437 /* Assets.xcassets */ = {isa = PBXFileReference; lastKnownFileType = folder.assetcatalog; path = Assets.xcassets; sourceTree = "<group>"; };
		844DFECF2204F42900742437 /* Base */ = {isa = PBXFileReference; lastKnownFileType = file.storyboard; name = Base; path = Base.lproj/LaunchScreen.storyboard; sourceTree = "<group>"; };
		844DFED12204F42900742437 /* Info.plist */ = {isa = PBXFileReference; lastKnownFileType = text.plist.xml; path = Info.plist; sourceTree = "<group>"; };
		845BA4502207807500F6D80E /* StudentLocationTableController+TableView.swift */ = {isa = PBXFileReference; lastKnownFileType = sourcecode.swift; path = "StudentLocationTableController+TableView.swift"; sourceTree = "<group>"; };
		8489285A2204F78A00BF9BF6 /* LoginController.swift */ = {isa = PBXFileReference; fileEncoding = 4; lastKnownFileType = sourcecode.swift; path = LoginController.swift; sourceTree = "<group>"; };
		8489285B2204F78A00BF9BF6 /* LoginController+handlers.swift */ = {isa = PBXFileReference; fileEncoding = 4; lastKnownFileType = sourcecode.swift; path = "LoginController+handlers.swift"; sourceTree = "<group>"; };
		8489285E2204F79600BF9BF6 /* MainTabBarController.swift */ = {isa = PBXFileReference; fileEncoding = 4; lastKnownFileType = sourcecode.swift; path = MainTabBarController.swift; sourceTree = "<group>"; };
		848928692204F88500BF9BF6 /* ParseClient.swift */ = {isa = PBXFileReference; fileEncoding = 4; lastKnownFileType = sourcecode.swift; path = ParseClient.swift; sourceTree = "<group>"; };
		8489286D2204F89400BF9BF6 /* LoginRequest.swift */ = {isa = PBXFileReference; fileEncoding = 4; lastKnownFileType = sourcecode.swift; path = LoginRequest.swift; sourceTree = "<group>"; };
		8489286E2204F89400BF9BF6 /* LoginSuccessRequest.swift */ = {isa = PBXFileReference; fileEncoding = 4; lastKnownFileType = sourcecode.swift; path = LoginSuccessRequest.swift; sourceTree = "<group>"; };
		8489286F2204F89400BF9BF6 /* UdacityClient.swift */ = {isa = PBXFileReference; fileEncoding = 4; lastKnownFileType = sourcecode.swift; path = UdacityClient.swift; sourceTree = "<group>"; };
		848928732204F8C100BF9BF6 /* UIColor+Extension.swift */ = {isa = PBXFileReference; fileEncoding = 4; lastKnownFileType = sourcecode.swift; path = "UIColor+Extension.swift"; sourceTree = "<group>"; };
		848928742204F8C100BF9BF6 /* UIView+Extensions.swift */ = {isa = PBXFileReference; fileEncoding = 4; lastKnownFileType = sourcecode.swift; path = "UIView+Extensions.swift"; sourceTree = "<group>"; };
		848D44762204FD6400BF3EF9 /* StudentLocationMapController.swift */ = {isa = PBXFileReference; lastKnownFileType = sourcecode.swift; path = StudentLocationMapController.swift; sourceTree = "<group>"; };
		848D44782204FD7300BF3EF9 /* StudentLocationTableController.swift */ = {isa = PBXFileReference; lastKnownFileType = sourcecode.swift; path = StudentLocationTableController.swift; sourceTree = "<group>"; };
		848D4482220614DB00BF3EF9 /* StudentInformationModel.swift */ = {isa = PBXFileReference; lastKnownFileType = sourcecode.swift; path = StudentInformationModel.swift; sourceTree = "<group>"; };
		848D448622062C6000BF3EF9 /* StudentLocationMapController+MapKit.swift */ = {isa = PBXFileReference; lastKnownFileType = sourcecode.swift; path = "StudentLocationMapController+MapKit.swift"; sourceTree = "<group>"; };
		849DEA9F220F8B13009B0E91 /* StudentLocationCell.swift */ = {isa = PBXFileReference; lastKnownFileType = sourcecode.swift; path = StudentLocationCell.swift; sourceTree = "<group>"; };
		84EE6D892215D432008EECBC /* LoginFailedResponse.swift */ = {isa = PBXFileReference; lastKnownFileType = sourcecode.swift; path = LoginFailedResponse.swift; sourceTree = "<group>"; };
		84EE6D8E221654EB008EECBC /* LoginController+Facebook.swift */ = {isa = PBXFileReference; lastKnownFileType = sourcecode.swift; path = "LoginController+Facebook.swift"; sourceTree = "<group>"; };
		84EE6D9022165670008EECBC /* UIViewController+Extensions.swift */ = {isa = PBXFileReference; lastKnownFileType = sourcecode.swift; path = "UIViewController+Extensions.swift"; sourceTree = "<group>"; };
		84F272AC2212ADA8000F9542 /* AddLocation+Handle.swift */ = {isa = PBXFileReference; lastKnownFileType = sourcecode.swift; path = "AddLocation+Handle.swift"; sourceTree = "<group>"; };
		84FBF1CC221A033A00036C3C /* UITextField+Extensions.swift */ = {isa = PBXFileReference; lastKnownFileType = sourcecode.swift; path = "UITextField+Extensions.swift"; sourceTree = "<group>"; };
		84FBF1CE221A034A00036C3C /* UIButton+Extensions.swift */ = {isa = PBXFileReference; lastKnownFileType = sourcecode.swift; path = "UIButton+Extensions.swift"; sourceTree = "<group>"; };
		9403CF63766314290E9E8C66 /* Pods-_OnTheMap.debug.xcconfig */ = {isa = PBXFileReference; includeInIndex = 1; lastKnownFileType = text.xcconfig; name = "Pods-_OnTheMap.debug.xcconfig"; path = "Pods/Target Support Files/Pods-_OnTheMap/Pods-_OnTheMap.debug.xcconfig"; sourceTree = "<group>"; };
		BC2D5232DCA28D5BB23BF32B /* Pods__OnTheMap.framework */ = {isa = PBXFileReference; explicitFileType = wrapper.framework; includeInIndex = 0; path = Pods__OnTheMap.framework; sourceTree = BUILT_PRODUCTS_DIR; };
/* End PBXFileReference section */

/* Begin PBXFrameworksBuildPhase section */
		844DFEBF2204F42800742437 /* Frameworks */ = {
			isa = PBXFrameworksBuildPhase;
			buildActionMask = 2147483647;
			files = (
				66621B1B6A0B6C9C47A3D2D8 /* Pods__OnTheMap.framework in Frameworks */,
			);
			runOnlyForDeploymentPostprocessing = 0;
		};
/* End PBXFrameworksBuildPhase section */

/* Begin PBXGroup section */
		841CEE35221915680002CA6C /* Udacity+Requests */ = {
			isa = PBXGroup;
			children = (
				8489286D2204F89400BF9BF6 /* LoginRequest.swift */,
				8489286E2204F89400BF9BF6 /* LoginSuccessRequest.swift */,
			);
			path = "Udacity+Requests";
			sourceTree = "<group>";
		};
		841CEE362219156E0002CA6C /* Udacity+Responses */ = {
			isa = PBXGroup;
			children = (
				84332C512217238D003CF12C /* PublicUserDataResponse.swift */,
				84EE6D892215D432008EECBC /* LoginFailedResponse.swift */,
			);
			path = "Udacity+Responses";
			sourceTree = "<group>";
		};
		841CEE39221915B90002CA6C /* Parse+Responses */ = {
			isa = PBXGroup;
			children = (
				843CA25E220D644000B09A66 /* PostingStudentLocationResponse.swift */,
				841CEE292217FDD90002CA6C /* GetStudentLocationResponse.swift */,
			);
			name = "Parse+Responses";
			path = "New Group";
			sourceTree = "<group>";
		};
		841CEE3D221918CA0002CA6C /* Parse+Request */ = {
			isa = PBXGroup;
			children = (
				841CEE3E221919230002CA6C /* PostPutRequest.swift */,
			);
			path = "Parse+Request";
			sourceTree = "<group>";
		};
		84332C5A22179F91003CF12C /* EditStudentLocation Controller */ = {
			isa = PBXGroup;
			children = (
				84332C5B22179FDA003CF12C /* EditStudentLocationsController.swift */,
			);
			path = "EditStudentLocation Controller";
			sourceTree = "<group>";
		};
		8439D00F220CB6C00057CE6E /* Helper+Extensions */ = {
			isa = PBXGroup;
			children = (
				8439D010220CB6F20057CE6E /* String+Extensions.swift */,
				841CEE4022191D470002CA6C /* TextField+Extensions.swift */,
				841CEE472219AE4B0002CA6C /* Helper Constants.swift */,
				841CEE4B2219F5590002CA6C /* NSMutable+Extension.swift */,
			);
			path = "Helper+Extensions";
			sourceTree = "<group>";
		};
		844DFEB92204F42800742437 = {
			isa = PBXGroup;
			children = (
				844DFEC42204F42800742437 /* _OnTheMap */,
				844DFEC32204F42800742437 /* Products */,
				F25F3D2C20AA0463BA27396E /* Pods */,
				DDC273A1E4E1270E424B2974 /* Frameworks */,
			);
			sourceTree = "<group>";
		};
		844DFEC32204F42800742437 /* Products */ = {
			isa = PBXGroup;
			children = (
				844DFEC22204F42800742437 /* _OnTheMap.app */,
			);
			name = Products;
			sourceTree = "<group>";
		};
		844DFEC42204F42800742437 /* _OnTheMap */ = {
			isa = PBXGroup;
			children = (
				848D4481220614C600BF3EF9 /* DATA */,
				848928622204F7C600BF9BF6 /* Models */,
				848928612204F7C400BF9BF6 /* Views */,
				848928602204F7C100BF9BF6 /* Controllers */,
				8439D00F220CB6C00057CE6E /* Helper+Extensions */,
				844DFEC52204F42800742437 /* AppDelegate.swift */,
				844DFED12204F42900742437 /* Info.plist */,
			);
			path = _OnTheMap;
			sourceTree = "<group>";
		};
		845BA42C2207248C00F6D80E /* StudentLocation MapController */ = {
			isa = PBXGroup;
			children = (
				848D44762204FD6400BF3EF9 /* StudentLocationMapController.swift */,
				848D448622062C6000BF3EF9 /* StudentLocationMapController+MapKit.swift */,
			);
			path = "StudentLocation MapController";
			sourceTree = "<group>";
		};
		845BA44F22077FD700F6D80E /* StudentLocation TableViewController */ = {
			isa = PBXGroup;
			children = (
				848D44782204FD7300BF3EF9 /* StudentLocationTableController.swift */,
				845BA4502207807500F6D80E /* StudentLocationTableController+TableView.swift */,
				849DEA9F220F8B13009B0E91 /* StudentLocationCell.swift */,
			);
			path = "StudentLocation TableViewController";
			sourceTree = "<group>";
		};
		848928602204F7C100BF9BF6 /* Controllers */ = {
			isa = PBXGroup;
			children = (
				848928782204F8EE00BF9BF6 /* Login Controller */,
				84F272AF2212B4BF000F9542 /* MainTab Controller */,
				845BA42C2207248C00F6D80E /* StudentLocation MapController */,
				845BA44F22077FD700F6D80E /* StudentLocation TableViewController */,
				84F272AB2212AD73000F9542 /* AddLocation Controller */,
				84332C5A22179F91003CF12C /* EditStudentLocation Controller */,
			);
			path = Controllers;
			sourceTree = "<group>";
		};
		848928612204F7C400BF9BF6 /* Views */ = {
			isa = PBXGroup;
			children = (
				844DFECC2204F42900742437 /* Assets.xcassets */,
				844DFECE2204F42900742437 /* LaunchScreen.storyboard */,
				840D5DD722128CDC00929BE5 /* NSAttributedStringKeys.swift */,
				848928732204F8C100BF9BF6 /* UIColor+Extension.swift */,
				848928742204F8C100BF9BF6 /* UIView+Extensions.swift */,
				84EE6D9022165670008EECBC /* UIViewController+Extensions.swift */,
				84FBF1CC221A033A00036C3C /* UITextField+Extensions.swift */,
				84FBF1CE221A034A00036C3C /* UIButton+Extensions.swift */,
			);
			path = Views;
			sourceTree = "<group>";
		};
		848928622204F7C600BF9BF6 /* Models */ = {
			isa = PBXGroup;
			children = (
				848928652204F86500BF9BF6 /* Parse Client */,
				848928662204F86F00BF9BF6 /* Udacity Client */,
			);
			path = Models;
			sourceTree = "<group>";
		};
		848928652204F86500BF9BF6 /* Parse Client */ = {
			isa = PBXGroup;
			children = (
				848928692204F88500BF9BF6 /* ParseClient.swift */,
				841CEE3D221918CA0002CA6C /* Parse+Request */,
				841CEE39221915B90002CA6C /* Parse+Responses */,
			);
			path = "Parse Client";
			sourceTree = "<group>";
		};
		848928662204F86F00BF9BF6 /* Udacity Client */ = {
			isa = PBXGroup;
			children = (
				8489286F2204F89400BF9BF6 /* UdacityClient.swift */,
				841CEE362219156E0002CA6C /* Udacity+Responses */,
				841CEE35221915680002CA6C /* Udacity+Requests */,
			);
			path = "Udacity Client";
			sourceTree = "<group>";
		};
		848928782204F8EE00BF9BF6 /* Login Controller */ = {
			isa = PBXGroup;
			children = (
				8489285A2204F78A00BF9BF6 /* LoginController.swift */,
				8489285B2204F78A00BF9BF6 /* LoginController+handlers.swift */,
				8436E4B022146FC2002175F2 /* Login+UITextField.swift */,
				84EE6D8E221654EB008EECBC /* LoginController+Facebook.swift */,
				841CEE422219261C0002CA6C /* LoginController+Overload.swift */,
			);
			path = "Login Controller";
			sourceTree = "<group>";
		};
		848D4481220614C600BF3EF9 /* DATA */ = {
			isa = PBXGroup;
			children = (
				848D4482220614DB00BF3EF9 /* StudentInformationModel.swift */,
			);
			path = DATA;
			sourceTree = "<group>";
		};
		84F272AB2212AD73000F9542 /* AddLocation Controller */ = {
			isa = PBXGroup;
			children = (
				842AE06D2210F52000A87358 /* AddLocationController.swift */,
				8436E4B22214703C002175F2 /* AddLocation+UITextField.swift */,
				84F272AC2212ADA8000F9542 /* AddLocation+Handle.swift */,
				841CEE452219A7DB0002CA6C /* AddLocation+Override.swift */,
			);
			path = "AddLocation Controller";
			sourceTree = "<group>";
		};
		84F272AF2212B4BF000F9542 /* MainTab Controller */ = {
			isa = PBXGroup;
			children = (
				8489285E2204F79600BF9BF6 /* MainTabBarController.swift */,
				841CEE2D22186C4C0002CA6C /* MainTabControlller+HandleBarButtons.swift */,
				841CEE2F2218734A0002CA6C /* MainTabController+handleURLSessions.swift */,
			);
			path = "MainTab Controller";
			sourceTree = "<group>";
		};
		DDC273A1E4E1270E424B2974 /* Frameworks */ = {
			isa = PBXGroup;
			children = (
				BC2D5232DCA28D5BB23BF32B /* Pods__OnTheMap.framework */,
			);
			name = Frameworks;
			sourceTree = "<group>";
		};
		F25F3D2C20AA0463BA27396E /* Pods */ = {
			isa = PBXGroup;
			children = (
				9403CF63766314290E9E8C66 /* Pods-_OnTheMap.debug.xcconfig */,
				5CAB8239B5D2C3EF1B672DC5 /* Pods-_OnTheMap.release.xcconfig */,
			);
			name = Pods;
			sourceTree = "<group>";
		};
/* End PBXGroup section */

/* Begin PBXNativeTarget section */
		844DFEC12204F42800742437 /* _OnTheMap */ = {
			isa = PBXNativeTarget;
			buildConfigurationList = 844DFED42204F42900742437 /* Build configuration list for PBXNativeTarget "_OnTheMap" */;
			buildPhases = (
				D35DB545348F26E2A16CCEE0 /* [CP] Check Pods Manifest.lock */,
				844DFEBE2204F42800742437 /* Sources */,
				844DFEBF2204F42800742437 /* Frameworks */,
				844DFEC02204F42800742437 /* Resources */,
				BE75E8D8F0B29F3CC6C13179 /* [CP] Embed Pods Frameworks */,
			);
			buildRules = (
			);
			dependencies = (
			);
			name = _OnTheMap;
			productName = _OnTheMap;
			productReference = 844DFEC22204F42800742437 /* _OnTheMap.app */;
			productType = "com.apple.product-type.application";
		};
/* End PBXNativeTarget section */

/* Begin PBXProject section */
		844DFEBA2204F42800742437 /* Project object */ = {
			isa = PBXProject;
			attributes = {
				LastSwiftUpdateCheck = 1010;
				LastUpgradeCheck = 1010;
				ORGANIZATIONNAME = admin;
				TargetAttributes = {
					844DFEC12204F42800742437 = {
						CreatedOnToolsVersion = 10.1;
					};
				};
			};
			buildConfigurationList = 844DFEBD2204F42800742437 /* Build configuration list for PBXProject "_OnTheMap" */;
			compatibilityVersion = "Xcode 9.3";
			developmentRegion = en;
			hasScannedForEncodings = 0;
			knownRegions = (
				en,
				Base,
			);
			mainGroup = 844DFEB92204F42800742437;
			productRefGroup = 844DFEC32204F42800742437 /* Products */;
			projectDirPath = "";
			projectRoot = "";
			targets = (
				844DFEC12204F42800742437 /* _OnTheMap */,
			);
		};
/* End PBXProject section */

/* Begin PBXResourcesBuildPhase section */
		844DFEC02204F42800742437 /* Resources */ = {
			isa = PBXResourcesBuildPhase;
			buildActionMask = 2147483647;
			files = (
				844DFED02204F42900742437 /* LaunchScreen.storyboard in Resources */,
				844DFECD2204F42900742437 /* Assets.xcassets in Resources */,
			);
			runOnlyForDeploymentPostprocessing = 0;
		};
/* End PBXResourcesBuildPhase section */

/* Begin PBXShellScriptBuildPhase section */
		BE75E8D8F0B29F3CC6C13179 /* [CP] Embed Pods Frameworks */ = {
			isa = PBXShellScriptBuildPhase;
			buildActionMask = 2147483647;
			files = (
			);
			inputFileListPaths = (
			);
			inputPaths = (
				"${SRCROOT}/Pods/Target Support Files/Pods-_OnTheMap/Pods-_OnTheMap-frameworks.sh",
				"${BUILT_PRODUCTS_DIR}/Bolts/Bolts.framework",
				"${BUILT_PRODUCTS_DIR}/FBSDKCoreKit/FBSDKCoreKit.framework",
				"${BUILT_PRODUCTS_DIR}/FBSDKLoginKit/FBSDKLoginKit.framework",
				"${BUILT_PRODUCTS_DIR}/FacebookCore/FacebookCore.framework",
				"${BUILT_PRODUCTS_DIR}/FacebookLogin/FacebookLogin.framework",
			);
			name = "[CP] Embed Pods Frameworks";
			outputFileListPaths = (
			);
			outputPaths = (
				"${TARGET_BUILD_DIR}/${FRAMEWORKS_FOLDER_PATH}/Bolts.framework",
				"${TARGET_BUILD_DIR}/${FRAMEWORKS_FOLDER_PATH}/FBSDKCoreKit.framework",
				"${TARGET_BUILD_DIR}/${FRAMEWORKS_FOLDER_PATH}/FBSDKLoginKit.framework",
				"${TARGET_BUILD_DIR}/${FRAMEWORKS_FOLDER_PATH}/FacebookCore.framework",
				"${TARGET_BUILD_DIR}/${FRAMEWORKS_FOLDER_PATH}/FacebookLogin.framework",
			);
			runOnlyForDeploymentPostprocessing = 0;
			shellPath = /bin/sh;
			shellScript = "\"${SRCROOT}/Pods/Target Support Files/Pods-_OnTheMap/Pods-_OnTheMap-frameworks.sh\"\n";
			showEnvVarsInLog = 0;
		};
		D35DB545348F26E2A16CCEE0 /* [CP] Check Pods Manifest.lock */ = {
			isa = PBXShellScriptBuildPhase;
			buildActionMask = 2147483647;
			files = (
			);
			inputFileListPaths = (
			);
			inputPaths = (
				"${PODS_PODFILE_DIR_PATH}/Podfile.lock",
				"${PODS_ROOT}/Manifest.lock",
			);
			name = "[CP] Check Pods Manifest.lock";
			outputFileListPaths = (
			);
			outputPaths = (
				"$(DERIVED_FILE_DIR)/Pods-_OnTheMap-checkManifestLockResult.txt",
			);
			runOnlyForDeploymentPostprocessing = 0;
			shellPath = /bin/sh;
			shellScript = "diff \"${PODS_PODFILE_DIR_PATH}/Podfile.lock\" \"${PODS_ROOT}/Manifest.lock\" > /dev/null\nif [ $? != 0 ] ; then\n    # print error to STDERR\n    echo \"error: The sandbox is not in sync with the Podfile.lock. Run 'pod install' or update your CocoaPods installation.\" >&2\n    exit 1\nfi\n# This output is used by Xcode 'outputs' to avoid re-running this script phase.\necho \"SUCCESS\" > \"${SCRIPT_OUTPUT_FILE_0}\"\n";
			showEnvVarsInLog = 0;
		};
/* End PBXShellScriptBuildPhase section */

/* Begin PBXSourcesBuildPhase section */
		844DFEBE2204F42800742437 /* Sources */ = {
			isa = PBXSourcesBuildPhase;
			buildActionMask = 2147483647;
			files = (
				849DEAA0220F8B13009B0E91 /* StudentLocationCell.swift in Sources */,
				841CEE4C2219F5590002CA6C /* NSMutable+Extension.swift in Sources */,
				848928722204F89400BF9BF6 /* UdacityClient.swift in Sources */,
				841CEE462219A7DB0002CA6C /* AddLocation+Override.swift in Sources */,
				84F272AD2212ADA8000F9542 /* AddLocation+Handle.swift in Sources */,
				841CEE2A2217FDD90002CA6C /* GetStudentLocationResponse.swift in Sources */,
				84EE6D8F221654EB008EECBC /* LoginController+Facebook.swift in Sources */,
				844DFEC62204F42800742437 /* AppDelegate.swift in Sources */,
				84332C522217238D003CF12C /* PublicUserDataResponse.swift in Sources */,
				8489285C2204F78A00BF9BF6 /* LoginController.swift in Sources */,
				84FBF1CD221A033A00036C3C /* UITextField+Extensions.swift in Sources */,
				84EE6D9122165670008EECBC /* UIViewController+Extensions.swift in Sources */,
				84332C5C22179FDA003CF12C /* EditStudentLocationsController.swift in Sources */,
				841CEE3F221919230002CA6C /* PostPutRequest.swift in Sources */,
				8439D011220CB6F20057CE6E /* String+Extensions.swift in Sources */,
				848928762204F8C100BF9BF6 /* UIView+Extensions.swift in Sources */,
				842AE06E2210F52000A87358 /* AddLocationController.swift in Sources */,
				84EE6D8A2215D433008EECBC /* LoginFailedResponse.swift in Sources */,
				848928752204F8C100BF9BF6 /* UIColor+Extension.swift in Sources */,
				840D5DD822128CDC00929BE5 /* NSAttributedStringKeys.swift in Sources */,
				845BA4512207807500F6D80E /* StudentLocationTableController+TableView.swift in Sources */,
				8489286C2204F88500BF9BF6 /* ParseClient.swift in Sources */,
				848928702204F89400BF9BF6 /* LoginRequest.swift in Sources */,
				84FBF1CF221A034A00036C3C /* UIButton+Extensions.swift in Sources */,
				848928712204F89400BF9BF6 /* LoginSuccessRequest.swift in Sources */,
				841CEE432219261C0002CA6C /* LoginController+Overload.swift in Sources */,
				841CEE302218734A0002CA6C /* MainTabController+handleURLSessions.swift in Sources */,
				848D448722062C6000BF3EF9 /* StudentLocationMapController+MapKit.swift in Sources */,
				8489285F2204F79600BF9BF6 /* MainTabBarController.swift in Sources */,
				841CEE2E22186C4C0002CA6C /* MainTabControlller+HandleBarButtons.swift in Sources */,
				848D44792204FD7300BF3EF9 /* StudentLocationTableController.swift in Sources */,
				848D44772204FD6400BF3EF9 /* StudentLocationMapController.swift in Sources */,
				8436E4B122146FC2002175F2 /* Login+UITextField.swift in Sources */,
				843CA25F220D644000B09A66 /* PostingStudentLocationResponse.swift in Sources */,
				848D4483220614DB00BF3EF9 /* StudentInformationModel.swift in Sources */,
				8436E4B32214703C002175F2 /* AddLocation+UITextField.swift in Sources */,
				841CEE482219AE4B0002CA6C /* Helper Constants.swift in Sources */,
				8489285D2204F78A00BF9BF6 /* LoginController+handlers.swift in Sources */,
				841CEE4122191D470002CA6C /* TextField+Extensions.swift in Sources */,
			);
			runOnlyForDeploymentPostprocessing = 0;
		};
/* End PBXSourcesBuildPhase section */

/* Begin PBXVariantGroup section */
		844DFECE2204F42900742437 /* LaunchScreen.storyboard */ = {
			isa = PBXVariantGroup;
			children = (
				844DFECF2204F42900742437 /* Base */,
			);
			name = LaunchScreen.storyboard;
			sourceTree = "<group>";
		};
/* End PBXVariantGroup section */

/* Begin XCBuildConfiguration section */
		844DFED22204F42900742437 /* Debug */ = {
			isa = XCBuildConfiguration;
			buildSettings = {
				ALWAYS_SEARCH_USER_PATHS = NO;
				CLANG_ANALYZER_NONNULL = YES;
				CLANG_ANALYZER_NUMBER_OBJECT_CONVERSION = YES_AGGRESSIVE;
				CLANG_CXX_LANGUAGE_STANDARD = "gnu++14";
				CLANG_CXX_LIBRARY = "libc++";
				CLANG_ENABLE_MODULES = YES;
				CLANG_ENABLE_OBJC_ARC = YES;
				CLANG_ENABLE_OBJC_WEAK = YES;
				CLANG_WARN_BLOCK_CAPTURE_AUTORELEASING = YES;
				CLANG_WARN_BOOL_CONVERSION = YES;
				CLANG_WARN_COMMA = YES;
				CLANG_WARN_CONSTANT_CONVERSION = YES;
				CLANG_WARN_DEPRECATED_OBJC_IMPLEMENTATIONS = YES;
				CLANG_WARN_DIRECT_OBJC_ISA_USAGE = YES_ERROR;
				CLANG_WARN_DOCUMENTATION_COMMENTS = YES;
				CLANG_WARN_EMPTY_BODY = YES;
				CLANG_WARN_ENUM_CONVERSION = YES;
				CLANG_WARN_INFINITE_RECURSION = YES;
				CLANG_WARN_INT_CONVERSION = YES;
				CLANG_WARN_NON_LITERAL_NULL_CONVERSION = YES;
				CLANG_WARN_OBJC_IMPLICIT_RETAIN_SELF = YES;
				CLANG_WARN_OBJC_LITERAL_CONVERSION = YES;
				CLANG_WARN_OBJC_ROOT_CLASS = YES_ERROR;
				CLANG_WARN_RANGE_LOOP_ANALYSIS = YES;
				CLANG_WARN_STRICT_PROTOTYPES = YES;
				CLANG_WARN_SUSPICIOUS_MOVE = YES;
				CLANG_WARN_UNGUARDED_AVAILABILITY = YES_AGGRESSIVE;
				CLANG_WARN_UNREACHABLE_CODE = YES;
				CLANG_WARN__DUPLICATE_METHOD_MATCH = YES;
				CODE_SIGN_IDENTITY = "iPhone Developer";
				COPY_PHASE_STRIP = NO;
				DEBUG_INFORMATION_FORMAT = dwarf;
				ENABLE_STRICT_OBJC_MSGSEND = YES;
				ENABLE_TESTABILITY = YES;
				GCC_C_LANGUAGE_STANDARD = gnu11;
				GCC_DYNAMIC_NO_PIC = NO;
				GCC_NO_COMMON_BLOCKS = YES;
				GCC_OPTIMIZATION_LEVEL = 0;
				GCC_PREPROCESSOR_DEFINITIONS = (
					"DEBUG=1",
					"$(inherited)",
				);
				GCC_WARN_64_TO_32_BIT_CONVERSION = YES;
				GCC_WARN_ABOUT_RETURN_TYPE = YES_ERROR;
				GCC_WARN_UNDECLARED_SELECTOR = YES;
				GCC_WARN_UNINITIALIZED_AUTOS = YES_AGGRESSIVE;
				GCC_WARN_UNUSED_FUNCTION = YES;
				GCC_WARN_UNUSED_VARIABLE = YES;
				IPHONEOS_DEPLOYMENT_TARGET = 12.1;
				MTL_ENABLE_DEBUG_INFO = INCLUDE_SOURCE;
				MTL_FAST_MATH = YES;
				ONLY_ACTIVE_ARCH = YES;
				SDKROOT = iphoneos;
				SWIFT_ACTIVE_COMPILATION_CONDITIONS = DEBUG;
				SWIFT_OPTIMIZATION_LEVEL = "-Onone";
			};
			name = Debug;
		};
		844DFED32204F42900742437 /* Release */ = {
			isa = XCBuildConfiguration;
			buildSettings = {
				ALWAYS_SEARCH_USER_PATHS = NO;
				CLANG_ANALYZER_NONNULL = YES;
				CLANG_ANALYZER_NUMBER_OBJECT_CONVERSION = YES_AGGRESSIVE;
				CLANG_CXX_LANGUAGE_STANDARD = "gnu++14";
				CLANG_CXX_LIBRARY = "libc++";
				CLANG_ENABLE_MODULES = YES;
				CLANG_ENABLE_OBJC_ARC = YES;
				CLANG_ENABLE_OBJC_WEAK = YES;
				CLANG_WARN_BLOCK_CAPTURE_AUTORELEASING = YES;
				CLANG_WARN_BOOL_CONVERSION = YES;
				CLANG_WARN_COMMA = YES;
				CLANG_WARN_CONSTANT_CONVERSION = YES;
				CLANG_WARN_DEPRECATED_OBJC_IMPLEMENTATIONS = YES;
				CLANG_WARN_DIRECT_OBJC_ISA_USAGE = YES_ERROR;
				CLANG_WARN_DOCUMENTATION_COMMENTS = YES;
				CLANG_WARN_EMPTY_BODY = YES;
				CLANG_WARN_ENUM_CONVERSION = YES;
				CLANG_WARN_INFINITE_RECURSION = YES;
				CLANG_WARN_INT_CONVERSION = YES;
				CLANG_WARN_NON_LITERAL_NULL_CONVERSION = YES;
				CLANG_WARN_OBJC_IMPLICIT_RETAIN_SELF = YES;
				CLANG_WARN_OBJC_LITERAL_CONVERSION = YES;
				CLANG_WARN_OBJC_ROOT_CLASS = YES_ERROR;
				CLANG_WARN_RANGE_LOOP_ANALYSIS = YES;
				CLANG_WARN_STRICT_PROTOTYPES = YES;
				CLANG_WARN_SUSPICIOUS_MOVE = YES;
				CLANG_WARN_UNGUARDED_AVAILABILITY = YES_AGGRESSIVE;
				CLANG_WARN_UNREACHABLE_CODE = YES;
				CLANG_WARN__DUPLICATE_METHOD_MATCH = YES;
				CODE_SIGN_IDENTITY = "iPhone Developer";
				COPY_PHASE_STRIP = NO;
				DEBUG_INFORMATION_FORMAT = "dwarf-with-dsym";
				ENABLE_NS_ASSERTIONS = NO;
				ENABLE_STRICT_OBJC_MSGSEND = YES;
				GCC_C_LANGUAGE_STANDARD = gnu11;
				GCC_NO_COMMON_BLOCKS = YES;
				GCC_WARN_64_TO_32_BIT_CONVERSION = YES;
				GCC_WARN_ABOUT_RETURN_TYPE = YES_ERROR;
				GCC_WARN_UNDECLARED_SELECTOR = YES;
				GCC_WARN_UNINITIALIZED_AUTOS = YES_AGGRESSIVE;
				GCC_WARN_UNUSED_FUNCTION = YES;
				GCC_WARN_UNUSED_VARIABLE = YES;
				IPHONEOS_DEPLOYMENT_TARGET = 12.1;
				MTL_ENABLE_DEBUG_INFO = NO;
				MTL_FAST_MATH = YES;
				SDKROOT = iphoneos;
				SWIFT_COMPILATION_MODE = wholemodule;
				SWIFT_OPTIMIZATION_LEVEL = "-O";
				VALIDATE_PRODUCT = YES;
			};
			name = Release;
		};
		844DFED52204F42900742437 /* Debug */ = {
			isa = XCBuildConfiguration;
			baseConfigurationReference = 9403CF63766314290E9E8C66 /* Pods-_OnTheMap.debug.xcconfig */;
			buildSettings = {
				ASSETCATALOG_COMPILER_APPICON_NAME = AppIcon;
				CODE_SIGN_STYLE = Automatic;
				DEVELOPMENT_TEAM = S47KDE6E7N;
				INFOPLIST_FILE = _OnTheMap/Info.plist;
				LD_RUNPATH_SEARCH_PATHS = (
					"$(inherited)",
					"@executable_path/Frameworks",
				);
				PRODUCT_BUNDLE_IDENTIFIER = "asdf.ewr.eu.-OnTheMap";
				PRODUCT_NAME = "$(TARGET_NAME)";
				SWIFT_VERSION = 4.2;
				TARGETED_DEVICE_FAMILY = "1,2";
			};
			name = Debug;
		};
		844DFED62204F42900742437 /* Release */ = {
			isa = XCBuildConfiguration;
			baseConfigurationReference = 5CAB8239B5D2C3EF1B672DC5 /* Pods-_OnTheMap.release.xcconfig */;
			buildSettings = {
				ASSETCATALOG_COMPILER_APPICON_NAME = AppIcon;
				CODE_SIGN_STYLE = Automatic;
				DEVELOPMENT_TEAM = S47KDE6E7N;
				INFOPLIST_FILE = _OnTheMap/Info.plist;
				LD_RUNPATH_SEARCH_PATHS = (
					"$(inherited)",
					"@executable_path/Frameworks",
				);
				PRODUCT_BUNDLE_IDENTIFIER = "asdf.ewr.eu.-OnTheMap";
				PRODUCT_NAME = "$(TARGET_NAME)";
				SWIFT_VERSION = 4.2;
				TARGETED_DEVICE_FAMILY = "1,2";
			};
			name = Release;
		};
/* End XCBuildConfiguration section */

/* Begin XCConfigurationList section */
		844DFEBD2204F42800742437 /* Build configuration list for PBXProject "_OnTheMap" */ = {
			isa = XCConfigurationList;
			buildConfigurations = (
				844DFED22204F42900742437 /* Debug */,
				844DFED32204F42900742437 /* Release */,
			);
			defaultConfigurationIsVisible = 0;
			defaultConfigurationName = Release;
		};
		844DFED42204F42900742437 /* Build configuration list for PBXNativeTarget "_OnTheMap" */ = {
			isa = XCConfigurationList;
			buildConfigurations = (
				844DFED52204F42900742437 /* Debug */,
				844DFED62204F42900742437 /* Release */,
			);
			defaultConfigurationIsVisible = 0;
			defaultConfigurationName = Release;
		};
/* End XCConfigurationList section */
	};
	rootObject = 844DFEBA2204F42800742437 /* Project object */;
}
